// !$*UTF8*$!
{
	archiveVersion = 1;
	classes = {
	};
	objectVersion = 50;
	objects = {

/* Begin PBXBuildFile section */
		CEF2FCED20C6BFC5000032B4 /* AppDelegate.swift in Sources */ = {isa = PBXBuildFile; fileRef = CEF2FCEC20C6BFC5000032B4 /* AppDelegate.swift */; };
		CEF2FCEF20C6BFC5000032B4 /* ViewController.swift in Sources */ = {isa = PBXBuildFile; fileRef = CEF2FCEE20C6BFC5000032B4 /* ViewController.swift */; };
		CEF2FCF220C6BFC5000032B4 /* Main.storyboard in Resources */ = {isa = PBXBuildFile; fileRef = CEF2FCF020C6BFC5000032B4 /* Main.storyboard */; };
		CEF2FCF420C6BFC7000032B4 /* Assets.xcassets in Resources */ = {isa = PBXBuildFile; fileRef = CEF2FCF320C6BFC7000032B4 /* Assets.xcassets */; };
		CEF2FCF720C6BFC7000032B4 /* LaunchScreen.storyboard in Resources */ = {isa = PBXBuildFile; fileRef = CEF2FCF520C6BFC7000032B4 /* LaunchScreen.storyboard */; };
		CEF2FD0220C6BFC8000032B4 /* AwesomeProjectTests.swift in Sources */ = {isa = PBXBuildFile; fileRef = CEF2FD0120C6BFC8000032B4 /* AwesomeProjectTests.swift */; };
		CEF2FD0D20C6BFC8000032B4 /* AwesomeProjectUITests.swift in Sources */ = {isa = PBXBuildFile; fileRef = CEF2FD0C20C6BFC8000032B4 /* AwesomeProjectUITests.swift */; };
/* End PBXBuildFile section */

/* Begin PBXContainerItemProxy section */
		CEF2FCFE20C6BFC8000032B4 /* PBXContainerItemProxy */ = {
			isa = PBXContainerItemProxy;
			containerPortal = CEF2FCE120C6BFC5000032B4 /* Project object */;
			proxyType = 1;
			remoteGlobalIDString = CEF2FCE820C6BFC5000032B4;
			remoteInfo = AwesomeProject;
		};
		CEF2FD0920C6BFC8000032B4 /* PBXContainerItemProxy */ = {
			isa = PBXContainerItemProxy;
			containerPortal = CEF2FCE120C6BFC5000032B4 /* Project object */;
			proxyType = 1;
			remoteGlobalIDString = CEF2FCE820C6BFC5000032B4;
			remoteInfo = AwesomeProject;
		};
/* End PBXContainerItemProxy section */

/* Begin PBXFileReference section */
		CEF2FCE920C6BFC5000032B4 /* AwesomeProject.app */ = {isa = PBXFileReference; explicitFileType = wrapper.application; includeInIndex = 0; path = AwesomeProject.app; sourceTree = BUILT_PRODUCTS_DIR; };
		CEF2FCEC20C6BFC5000032B4 /* AppDelegate.swift */ = {isa = PBXFileReference; lastKnownFileType = sourcecode.swift; path = AppDelegate.swift; sourceTree = "<group>"; };
		CEF2FCEE20C6BFC5000032B4 /* ViewController.swift */ = {isa = PBXFileReference; lastKnownFileType = sourcecode.swift; path = ViewController.swift; sourceTree = "<group>"; };
		CEF2FCF120C6BFC5000032B4 /* Base */ = {isa = PBXFileReference; lastKnownFileType = file.storyboard; name = Base; path = Base.lproj/Main.storyboard; sourceTree = "<group>"; };
		CEF2FCF320C6BFC7000032B4 /* Assets.xcassets */ = {isa = PBXFileReference; lastKnownFileType = folder.assetcatalog; path = Assets.xcassets; sourceTree = "<group>"; };
		CEF2FCF620C6BFC7000032B4 /* Base */ = {isa = PBXFileReference; lastKnownFileType = file.storyboard; name = Base; path = Base.lproj/LaunchScreen.storyboard; sourceTree = "<group>"; };
		CEF2FCF820C6BFC7000032B4 /* Info.plist */ = {isa = PBXFileReference; lastKnownFileType = text.plist.xml; path = Info.plist; sourceTree = "<group>"; };
		CEF2FCFD20C6BFC8000032B4 /* AwesomeProjectTests.xctest */ = {isa = PBXFileReference; explicitFileType = wrapper.cfbundle; includeInIndex = 0; path = AwesomeProjectTests.xctest; sourceTree = BUILT_PRODUCTS_DIR; };
		CEF2FD0120C6BFC8000032B4 /* AwesomeProjectTests.swift */ = {isa = PBXFileReference; lastKnownFileType = sourcecode.swift; path = AwesomeProjectTests.swift; sourceTree = "<group>"; };
		CEF2FD0320C6BFC8000032B4 /* Info.plist */ = {isa = PBXFileReference; lastKnownFileType = text.plist.xml; path = Info.plist; sourceTree = "<group>"; };
		CEF2FD0820C6BFC8000032B4 /* AwesomeProjectUITests.xctest */ = {isa = PBXFileReference; explicitFileType = wrapper.cfbundle; includeInIndex = 0; path = AwesomeProjectUITests.xctest; sourceTree = BUILT_PRODUCTS_DIR; };
		CEF2FD0C20C6BFC8000032B4 /* AwesomeProjectUITests.swift */ = {isa = PBXFileReference; lastKnownFileType = sourcecode.swift; path = AwesomeProjectUITests.swift; sourceTree = "<group>"; };
		CEF2FD0E20C6BFC8000032B4 /* Info.plist */ = {isa = PBXFileReference; lastKnownFileType = text.plist.xml; path = Info.plist; sourceTree = "<group>"; };
/* End PBXFileReference section */

/* Begin PBXFrameworksBuildPhase section */
		CEF2FCE620C6BFC5000032B4 /* Frameworks */ = {
			isa = PBXFrameworksBuildPhase;
			buildActionMask = 2147483647;
			files = (
			);
			runOnlyForDeploymentPostprocessing = 0;
		};
		CEF2FCFA20C6BFC8000032B4 /* Frameworks */ = {
			isa = PBXFrameworksBuildPhase;
			buildActionMask = 2147483647;
			files = (
			);
			runOnlyForDeploymentPostprocessing = 0;
		};
		CEF2FD0520C6BFC8000032B4 /* Frameworks */ = {
			isa = PBXFrameworksBuildPhase;
			buildActionMask = 2147483647;
			files = (
			);
			runOnlyForDeploymentPostprocessing = 0;
		};
/* End PBXFrameworksBuildPhase section */

/* Begin PBXGroup section */
		CEF2FCE020C6BFC5000032B4 = {
			isa = PBXGroup;
			children = (
				CEF2FCEB20C6BFC5000032B4 /* AwesomeProject */,
				CEF2FD0020C6BFC8000032B4 /* AwesomeProjectTests */,
				CEF2FD0B20C6BFC8000032B4 /* AwesomeProjectUITests */,
				CEF2FCEA20C6BFC5000032B4 /* Products */,
			);
			sourceTree = "<group>";
		};
		CEF2FCEA20C6BFC5000032B4 /* Products */ = {
			isa = PBXGroup;
			children = (
				CEF2FCE920C6BFC5000032B4 /* AwesomeProject.app */,
				CEF2FCFD20C6BFC8000032B4 /* AwesomeProjectTests.xctest */,
				CEF2FD0820C6BFC8000032B4 /* AwesomeProjectUITests.xctest */,
			);
			name = Products;
			sourceTree = "<group>";
		};
		CEF2FCEB20C6BFC5000032B4 /* AwesomeProject */ = {
			isa = PBXGroup;
			children = (
				CEF2FCEC20C6BFC5000032B4 /* AppDelegate.swift */,
				CEF2FCEE20C6BFC5000032B4 /* ViewController.swift */,
				CEF2FCF020C6BFC5000032B4 /* Main.storyboard */,
				CEF2FCF320C6BFC7000032B4 /* Assets.xcassets */,
				CEF2FCF520C6BFC7000032B4 /* LaunchScreen.storyboard */,
				CEF2FCF820C6BFC7000032B4 /* Info.plist */,
			);
			path = AwesomeProject;
			sourceTree = "<group>";
		};
		CEF2FD0020C6BFC8000032B4 /* AwesomeProjectTests */ = {
			isa = PBXGroup;
			children = (
				CEF2FD0120C6BFC8000032B4 /* AwesomeProjectTests.swift */,
				CEF2FD0320C6BFC8000032B4 /* Info.plist */,
			);
			path = AwesomeProjectTests;
			sourceTree = "<group>";
		};
		CEF2FD0B20C6BFC8000032B4 /* AwesomeProjectUITests */ = {
			isa = PBXGroup;
			children = (
				CEF2FD0C20C6BFC8000032B4 /* AwesomeProjectUITests.swift */,
				CEF2FD0E20C6BFC8000032B4 /* Info.plist */,
			);
			path = AwesomeProjectUITests;
			sourceTree = "<group>";
		};
/* End PBXGroup section */

/* Begin PBXNativeTarget section */
		CEF2FCE820C6BFC5000032B4 /* AwesomeProject */ = {
			isa = PBXNativeTarget;
			buildConfigurationList = CEF2FD1120C6BFC8000032B4 /* Build configuration list for PBXNativeTarget "AwesomeProject" */;
			buildPhases = (
				CEF2FCE520C6BFC5000032B4 /* Sources */,
				CEF2FCE620C6BFC5000032B4 /* Frameworks */,
				CEF2FCE720C6BFC5000032B4 /* Resources */,
			);
			buildRules = (
			);
			dependencies = (
			);
			name = AwesomeProject;
			productName = AwesomeProject;
			productReference = CEF2FCE920C6BFC5000032B4 /* AwesomeProject.app */;
			productType = "com.apple.product-type.application";
		};
		CEF2FCFC20C6BFC8000032B4 /* AwesomeProjectTests */ = {
			isa = PBXNativeTarget;
			buildConfigurationList = CEF2FD1420C6BFC8000032B4 /* Build configuration list for PBXNativeTarget "AwesomeProjectTests" */;
			buildPhases = (
				CEF2FCF920C6BFC8000032B4 /* Sources */,
				CEF2FCFA20C6BFC8000032B4 /* Frameworks */,
				CEF2FCFB20C6BFC8000032B4 /* Resources */,
			);
			buildRules = (
			);
			dependencies = (
				CEF2FCFF20C6BFC8000032B4 /* PBXTargetDependency */,
			);
			name = AwesomeProjectTests;
			productName = AwesomeProjectTests;
			productReference = CEF2FCFD20C6BFC8000032B4 /* AwesomeProjectTests.xctest */;
			productType = "com.apple.product-type.bundle.unit-test";
		};
		CEF2FD0720C6BFC8000032B4 /* AwesomeProjectUITests */ = {
			isa = PBXNativeTarget;
			buildConfigurationList = CEF2FD1720C6BFC8000032B4 /* Build configuration list for PBXNativeTarget "AwesomeProjectUITests" */;
			buildPhases = (
				CEF2FD0420C6BFC8000032B4 /* Sources */,
				CEF2FD0520C6BFC8000032B4 /* Frameworks */,
				CEF2FD0620C6BFC8000032B4 /* Resources */,
			);
			buildRules = (
			);
			dependencies = (
				CEF2FD0A20C6BFC8000032B4 /* PBXTargetDependency */,
			);
			name = AwesomeProjectUITests;
			productName = AwesomeProjectUITests;
			productReference = CEF2FD0820C6BFC8000032B4 /* AwesomeProjectUITests.xctest */;
			productType = "com.apple.product-type.bundle.ui-testing";
		};
/* End PBXNativeTarget section */

/* Begin PBXProject section */
		CEF2FCE120C6BFC5000032B4 /* Project object */ = {
			isa = PBXProject;
			attributes = {
				LastSwiftUpdateCheck = 1000;
				LastUpgradeCheck = 1000;
				ORGANIZATIONNAME = user;
				TargetAttributes = {
					CEF2FCE820C6BFC5000032B4 = {
						CreatedOnToolsVersion = 10.0;
					};
					CEF2FCFC20C6BFC8000032B4 = {
						CreatedOnToolsVersion = 10.0;
						TestTargetID = CEF2FCE820C6BFC5000032B4;
					};
					CEF2FD0720C6BFC8000032B4 = {
						CreatedOnToolsVersion = 10.0;
						TestTargetID = CEF2FCE820C6BFC5000032B4;
					};
				};
			};
			buildConfigurationList = CEF2FCE420C6BFC5000032B4 /* Build configuration list for PBXProject "AwesomeProject" */;
			compatibilityVersion = "Xcode 9.3";
			developmentRegion = en;
			hasScannedForEncodings = 0;
			knownRegions = (
				en,
				Base,
			);
			mainGroup = CEF2FCE020C6BFC5000032B4;
			productRefGroup = CEF2FCEA20C6BFC5000032B4 /* Products */;
			projectDirPath = "";
			projectRoot = "";
			targets = (
				CEF2FCE820C6BFC5000032B4 /* AwesomeProject */,
				CEF2FCFC20C6BFC8000032B4 /* AwesomeProjectTests */,
				CEF2FD0720C6BFC8000032B4 /* AwesomeProjectUITests */,
			);
		};
/* End PBXProject section */

/* Begin PBXResourcesBuildPhase section */
		CEF2FCE720C6BFC5000032B4 /* Resources */ = {
			isa = PBXResourcesBuildPhase;
			buildActionMask = 2147483647;
			files = (
				CEF2FCF720C6BFC7000032B4 /* LaunchScreen.storyboard in Resources */,
				CEF2FCF420C6BFC7000032B4 /* Assets.xcassets in Resources */,
				CEF2FCF220C6BFC5000032B4 /* Main.storyboard in Resources */,
			);
			runOnlyForDeploymentPostprocessing = 0;
		};
		CEF2FCFB20C6BFC8000032B4 /* Resources */ = {
			isa = PBXResourcesBuildPhase;
			buildActionMask = 2147483647;
			files = (
			);
			runOnlyForDeploymentPostprocessing = 0;
		};
		CEF2FD0620C6BFC8000032B4 /* Resources */ = {
			isa = PBXResourcesBuildPhase;
			buildActionMask = 2147483647;
			files = (
			);
			runOnlyForDeploymentPostprocessing = 0;
		};
/* End PBXResourcesBuildPhase section */

/* Begin PBXSourcesBuildPhase section */
		CEF2FCE520C6BFC5000032B4 /* Sources */ = {
			isa = PBXSourcesBuildPhase;
			buildActionMask = 2147483647;
			files = (
				CEF2FCEF20C6BFC5000032B4 /* ViewController.swift in Sources */,
				CEF2FCED20C6BFC5000032B4 /* AppDelegate.swift in Sources */,
			);
			runOnlyForDeploymentPostprocessing = 0;
		};
		CEF2FCF920C6BFC8000032B4 /* Sources */ = {
			isa = PBXSourcesBuildPhase;
			buildActionMask = 2147483647;
			files = (
				CEF2FD0220C6BFC8000032B4 /* AwesomeProjectTests.swift in Sources */,
			);
			runOnlyForDeploymentPostprocessing = 0;
		};
		CEF2FD0420C6BFC8000032B4 /* Sources */ = {
			isa = PBXSourcesBuildPhase;
			buildActionMask = 2147483647;
			files = (
				CEF2FD0D20C6BFC8000032B4 /* AwesomeProjectUITests.swift in Sources */,
			);
			runOnlyForDeploymentPostprocessing = 0;
		};
/* End PBXSourcesBuildPhase section */

/* Begin PBXTargetDependency section */
		CEF2FCFF20C6BFC8000032B4 /* PBXTargetDependency */ = {
			isa = PBXTargetDependency;
			target = CEF2FCE820C6BFC5000032B4 /* AwesomeProject */;
			targetProxy = CEF2FCFE20C6BFC8000032B4 /* PBXContainerItemProxy */;
		};
		CEF2FD0A20C6BFC8000032B4 /* PBXTargetDependency */ = {
			isa = PBXTargetDependency;
			target = CEF2FCE820C6BFC5000032B4 /* AwesomeProject */;
			targetProxy = CEF2FD0920C6BFC8000032B4 /* PBXContainerItemProxy */;
		};
/* End PBXTargetDependency section */

/* Begin PBXVariantGroup section */
		CEF2FCF020C6BFC5000032B4 /* Main.storyboard */ = {
			isa = PBXVariantGroup;
			children = (
				CEF2FCF120C6BFC5000032B4 /* Base */,
			);
			name = Main.storyboard;
			sourceTree = "<group>";
		};
		CEF2FCF520C6BFC7000032B4 /* LaunchScreen.storyboard */ = {
			isa = PBXVariantGroup;
			children = (
				CEF2FCF620C6BFC7000032B4 /* Base */,
			);
			name = LaunchScreen.storyboard;
			sourceTree = "<group>";
		};
/* End PBXVariantGroup section */

/* Begin XCBuildConfiguration section */
		CEF2FD0F20C6BFC8000032B4 /* Debug */ = {
			isa = XCBuildConfiguration;
			buildSettings = {
				ALWAYS_SEARCH_USER_PATHS = NO;
				CLANG_ANALYZER_NONNULL = YES;
				CLANG_ANALYZER_NUMBER_OBJECT_CONVERSION = YES_AGGRESSIVE;
				CLANG_CXX_LANGUAGE_STANDARD = "gnu++14";
				CLANG_CXX_LIBRARY = "libc++";
				CLANG_ENABLE_MODULES = YES;
				CLANG_ENABLE_OBJC_ARC = YES;
				CLANG_ENABLE_OBJC_WEAK = YES;
				CLANG_WARN_BLOCK_CAPTURE_AUTORELEASING = YES;
				CLANG_WARN_BOOL_CONVERSION = YES;
				CLANG_WARN_COMMA = YES;
				CLANG_WARN_CONSTANT_CONVERSION = YES;
				CLANG_WARN_DEPRECATED_OBJC_IMPLEMENTATIONS = YES;
				CLANG_WARN_DIRECT_OBJC_ISA_USAGE = YES_ERROR;
				CLANG_WARN_DOCUMENTATION_COMMENTS = YES;
				CLANG_WARN_EMPTY_BODY = YES;
				CLANG_WARN_ENUM_CONVERSION = YES;
				CLANG_WARN_INFINITE_RECURSION = YES;
				CLANG_WARN_INT_CONVERSION = YES;
				CLANG_WARN_NON_LITERAL_NULL_CONVERSION = YES;
				CLANG_WARN_OBJC_IMPLICIT_RETAIN_SELF = YES;
				CLANG_WARN_OBJC_LITERAL_CONVERSION = YES;
				CLANG_WARN_OBJC_ROOT_CLASS = YES_ERROR;
				CLANG_WARN_RANGE_LOOP_ANALYSIS = YES;
				CLANG_WARN_STRICT_PROTOTYPES = YES;
				CLANG_WARN_SUSPICIOUS_MOVE = YES;
				CLANG_WARN_UNGUARDED_AVAILABILITY = YES_AGGRESSIVE;
				CLANG_WARN_UNREACHABLE_CODE = YES;
				CLANG_WARN__DUPLICATE_METHOD_MATCH = YES;
				CODE_SIGN_IDENTITY = "iPhone Developer";
				COPY_PHASE_STRIP = NO;
				DEBUG_INFORMATION_FORMAT = dwarf;
				ENABLE_STRICT_OBJC_MSGSEND = YES;
				ENABLE_TESTABILITY = YES;
				GCC_C_LANGUAGE_STANDARD = gnu11;
				GCC_DYNAMIC_NO_PIC = NO;
				GCC_NO_COMMON_BLOCKS = YES;
				GCC_OPTIMIZATION_LEVEL = 0;
				GCC_PREPROCESSOR_DEFINITIONS = (
					"DEBUG=1",
					"$(inherited)",
				);
				GCC_WARN_64_TO_32_BIT_CONVERSION = YES;
				GCC_WARN_ABOUT_RETURN_TYPE = YES_ERROR;
				GCC_WARN_UNDECLARED_SELECTOR = YES;
				GCC_WARN_UNINITIALIZED_AUTOS = YES_AGGRESSIVE;
				GCC_WARN_UNUSED_FUNCTION = YES;
				GCC_WARN_UNUSED_VARIABLE = YES;
				IPHONEOS_DEPLOYMENT_TARGET = 12.0;
				MTL_ENABLE_DEBUG_INFO = INCLUDE_SOURCE;
				ONLY_ACTIVE_ARCH = YES;
				SDKROOT = iphoneos;
				SWIFT_ACTIVE_COMPILATION_CONDITIONS = DEBUG;
				SWIFT_OPTIMIZATION_LEVEL = "-Onone";
			};
			name = Debug;
		};
		CEF2FD1020C6BFC8000032B4 /* Release */ = {
			isa = XCBuildConfiguration;
			buildSettings = {
				ALWAYS_SEARCH_USER_PATHS = NO;
				CLANG_ANALYZER_NONNULL = YES;
				CLANG_ANALYZER_NUMBER_OBJECT_CONVERSION = YES_AGGRESSIVE;
				CLANG_CXX_LANGUAGE_STANDARD = "gnu++14";
				CLANG_CXX_LIBRARY = "libc++";
				CLANG_ENABLE_MODULES = YES;
				CLANG_ENABLE_OBJC_ARC = YES;
				CLANG_ENABLE_OBJC_WEAK = YES;
				CLANG_WARN_BLOCK_CAPTURE_AUTORELEASING = YES;
				CLANG_WARN_BOOL_CONVERSION = YES;
				CLANG_WARN_COMMA = YES;
				CLANG_WARN_CONSTANT_CONVERSION = YES;
				CLANG_WARN_DEPRECATED_OBJC_IMPLEMENTATIONS = YES;
				CLANG_WARN_DIRECT_OBJC_ISA_USAGE = YES_ERROR;
				CLANG_WARN_DOCUMENTATION_COMMENTS = YES;
				CLANG_WARN_EMPTY_BODY = YES;
				CLANG_WARN_ENUM_CONVERSION = YES;
				CLANG_WARN_INFINITE_RECURSION = YES;
				CLANG_WARN_INT_CONVERSION = YES;
				CLANG_WARN_NON_LITERAL_NULL_CONVERSION = YES;
				CLANG_WARN_OBJC_IMPLICIT_RETAIN_SELF = YES;
				CLANG_WARN_OBJC_LITERAL_CONVERSION = YES;
				CLANG_WARN_OBJC_ROOT_CLASS = YES_ERROR;
				CLANG_WARN_RANGE_LOOP_ANALYSIS = YES;
				CLANG_WARN_STRICT_PROTOTYPES = YES;
				CLANG_WARN_SUSPICIOUS_MOVE = YES;
				CLANG_WARN_UNGUARDED_AVAILABILITY = YES_AGGRESSIVE;
				CLANG_WARN_UNREACHABLE_CODE = YES;
				CLANG_WARN__DUPLICATE_METHOD_MATCH = YES;
				CODE_SIGN_IDENTITY = "iPhone Developer";
				COPY_PHASE_STRIP = NO;
				DEBUG_INFORMATION_FORMAT = "dwarf-with-dsym";
				ENABLE_NS_ASSERTIONS = NO;
				ENABLE_STRICT_OBJC_MSGSEND = YES;
				GCC_C_LANGUAGE_STANDARD = gnu11;
				GCC_NO_COMMON_BLOCKS = YES;
				GCC_WARN_64_TO_32_BIT_CONVERSION = YES;
				GCC_WARN_ABOUT_RETURN_TYPE = YES_ERROR;
				GCC_WARN_UNDECLARED_SELECTOR = YES;
				GCC_WARN_UNINITIALIZED_AUTOS = YES_AGGRESSIVE;
				GCC_WARN_UNUSED_FUNCTION = YES;
				GCC_WARN_UNUSED_VARIABLE = YES;
				IPHONEOS_DEPLOYMENT_TARGET = 12.0;
				MTL_ENABLE_DEBUG_INFO = NO;
				SDKROOT = iphoneos;
				SWIFT_COMPILATION_MODE = wholemodule;
				SWIFT_OPTIMIZATION_LEVEL = "-O";
				VALIDATE_PRODUCT = YES;
			};
			name = Release;
		};
		CEF2FD1220C6BFC8000032B4 /* Debug */ = {
			isa = XCBuildConfiguration;
			buildSettings = {
				ASSETCATALOG_COMPILER_APPICON_NAME = AppIcon;
				CODE_SIGN_STYLE = Automatic;
				INFOPLIST_FILE = AwesomeProject/Info.plist;
				LD_RUNPATH_SEARCH_PATHS = (
					"$(inherited)",
					"@executable_path/Frameworks",
				);
				PRODUCT_BUNDLE_IDENTIFIER = com.evderg.AwesomeProject;
				PRODUCT_NAME = "$(TARGET_NAME)";
				SWIFT_VERSION = 4.2;
				TARGETED_DEVICE_FAMILY = "1,2";
			};
			name = Debug;
		};
		CEF2FD1320C6BFC8000032B4 /* Release */ = {
			isa = XCBuildConfiguration;
			buildSettings = {
				ASSETCATALOG_COMPILER_APPICON_NAME = AppIcon;
				CODE_SIGN_STYLE = Automatic;
				INFOPLIST_FILE = AwesomeProject/Info.plist;
				LD_RUNPATH_SEARCH_PATHS = (
					"$(inherited)",
					"@executable_path/Frameworks",
				);
				PRODUCT_BUNDLE_IDENTIFIER = com.evderg.AwesomeProject;
				PRODUCT_NAME = "$(TARGET_NAME)";
				SWIFT_VERSION = 4.2;
				TARGETED_DEVICE_FAMILY = "1,2";
			};
			name = Release;
		};
		CEF2FD1520C6BFC8000032B4 /* Debug */ = {
			isa = XCBuildConfiguration;
			buildSettings = {
				ALWAYS_EMBED_SWIFT_STANDARD_LIBRARIES = YES;
				BUNDLE_LOADER = "$(TEST_HOST)";
				CODE_SIGN_STYLE = Automatic;
				INFOPLIST_FILE = AwesomeProjectTests/Info.plist;
				LD_RUNPATH_SEARCH_PATHS = (
					"$(inherited)",
					"@executable_path/Frameworks",
					"@loader_path/Frameworks",
				);
				PRODUCT_BUNDLE_IDENTIFIER = com.evderg.AwesomeProjectTests;
				PRODUCT_NAME = "$(TARGET_NAME)";
				SWIFT_VERSION = 4.2;
				TARGETED_DEVICE_FAMILY = "1,2";
				TEST_HOST = "$(BUILT_PRODUCTS_DIR)/AwesomeProject.app/AwesomeProject";
			};
			name = Debug;
		};
		CEF2FD1620C6BFC8000032B4 /* Release */ = {
			isa = XCBuildConfiguration;
			buildSettings = {
				ALWAYS_EMBED_SWIFT_STANDARD_LIBRARIES = YES;
				BUNDLE_LOADER = "$(TEST_HOST)";
				CODE_SIGN_STYLE = Automatic;
				INFOPLIST_FILE = AwesomeProjectTests/Info.plist;
				LD_RUNPATH_SEARCH_PATHS = (
					"$(inherited)",
					"@executable_path/Frameworks",
					"@loader_path/Frameworks",
				);
				PRODUCT_BUNDLE_IDENTIFIER = com.evderg.AwesomeProjectTests;
				PRODUCT_NAME = "$(TARGET_NAME)";
				SWIFT_VERSION = 4.2;
				TARGETED_DEVICE_FAMILY = "1,2";
				TEST_HOST = "$(BUILT_PRODUCTS_DIR)/AwesomeProject.app/AwesomeProject";
			};
			name = Release;
		};
		CEF2FD1820C6BFC8000032B4 /* Debug */ = {
			isa = XCBuildConfiguration;
			buildSettings = {
				ALWAYS_EMBED_SWIFT_STANDARD_LIBRARIES = YES;
				CODE_SIGN_STYLE = Automatic;
				INFOPLIST_FILE = AwesomeProjectUITests/Info.plist;
				LD_RUNPATH_SEARCH_PATHS = (
					"$(inherited)",
					"@executable_path/Frameworks",
					"@loader_path/Frameworks",
				);
				PRODUCT_BUNDLE_IDENTIFIER = com.evderg.AwesomeProjectUITests;
				PRODUCT_NAME = "$(TARGET_NAME)";
				SWIFT_VERSION = 4.2;
				TARGETED_DEVICE_FAMILY = "1,2";
				TEST_TARGET_NAME = AwesomeProject;
			};
			name = Debug;
		};
		CEF2FD1920C6BFC8000032B4 /* Release */ = {
			isa = XCBuildConfiguration;
			buildSettings = {
				ALWAYS_EMBED_SWIFT_STANDARD_LIBRARIES = YES;
				CODE_SIGN_STYLE = Automatic;
				INFOPLIST_FILE = AwesomeProjectUITests/Info.plist;
				LD_RUNPATH_SEARCH_PATHS = (
					"$(inherited)",
					"@executable_path/Frameworks",
					"@loader_path/Frameworks",
				);
				PRODUCT_BUNDLE_IDENTIFIER = com.evderg.AwesomeProjectUITests;
				PRODUCT_NAME = "$(TARGET_NAME)";
				SWIFT_VERSION = 4.2;
				TARGETED_DEVICE_FAMILY = "1,2";
				TEST_TARGET_NAME = AwesomeProject;
			};
			name = Release;
		};
/* End XCBuildConfiguration section */

/* Begin XCConfigurationList section */
		CEF2FCE420C6BFC5000032B4 /* Build configuration list for PBXProject "AwesomeProject" */ = {
			isa = XCConfigurationList;
			buildConfigurations = (
				CEF2FD0F20C6BFC8000032B4 /* Debug */,
				CEF2FD1020C6BFC8000032B4 /* Release */,
			);
			defaultConfigurationIsVisible = 0;
			defaultConfigurationName = Release;
		};
		CEF2FD1120C6BFC8000032B4 /* Build configuration list for PBXNativeTarget "AwesomeProject" */ = {
			isa = XCConfigurationList;
			buildConfigurations = (
				CEF2FD1220C6BFC8000032B4 /* Debug */,
				CEF2FD1320C6BFC8000032B4 /* Release */,
			);
			defaultConfigurationIsVisible = 0;
			defaultConfigurationName = Release;
		};
		CEF2FD1420C6BFC8000032B4 /* Build configuration list for PBXNativeTarget "AwesomeProjectTests" */ = {
			isa = XCConfigurationList;
			buildConfigurations = (
				CEF2FD1520C6BFC8000032B4 /* Debug */,
				CEF2FD1620C6BFC8000032B4 /* Release */,
			);
			defaultConfigurationIsVisible = 0;
			defaultConfigurationName = Release;
		};
		CEF2FD1720C6BFC8000032B4 /* Build configuration list for PBXNativeTarget "AwesomeProjectUITests" */ = {
			isa = XCConfigurationList;
			buildConfigurations = (
				CEF2FD1820C6BFC8000032B4 /* Debug */,
				CEF2FD1920C6BFC8000032B4 /* Release */,
			);
			defaultConfigurationIsVisible = 0;
			defaultConfigurationName = Release;
		};
/* End XCConfigurationList section */
	};
	rootObject = CEF2FCE120C6BFC5000032B4 /* Project object */;
}
